// !$*UTF8*$!
{
	archiveVersion = 1;
	classes = {
	};
	objectVersion = 46;
	objects = {

/* Begin PBXBuildFile section */
		CEBC82E91F46965C00D015CE /* Classes in Resources */ = {isa = PBXBuildFile; fileRef = CEBC82E81F46965C00D015CE /* Classes */; };
		CEBC82EB1F46981100D015CE /* Assets in Resources */ = {isa = PBXBuildFile; fileRef = CEBC82EA1F46981100D015CE /* Assets */; };
		CEBCC8B01C893D5A000BD551 /* AppDelegate.swift in Sources */ = {isa = PBXBuildFile; fileRef = CEBCC8AF1C893D5A000BD551 /* AppDelegate.swift */; };
		CEBCC8B21C893D5A000BD551 /* ViewController.swift in Sources */ = {isa = PBXBuildFile; fileRef = CEBCC8B11C893D5A000BD551 /* ViewController.swift */; };
		CEBCC8B51C893D5A000BD551 /* Main.storyboard in Resources */ = {isa = PBXBuildFile; fileRef = CEBCC8B31C893D5A000BD551 /* Main.storyboard */; };
		CEBCC8B71C893D5A000BD551 /* Assets.xcassets in Resources */ = {isa = PBXBuildFile; fileRef = CEBCC8B61C893D5A000BD551 /* Assets.xcassets */; };
		CEBCC8BA1C893D5A000BD551 /* LaunchScreen.storyboard in Resources */ = {isa = PBXBuildFile; fileRef = CEBCC8B81C893D5A000BD551 /* LaunchScreen.storyboard */; };
/* End PBXBuildFile section */

/* Begin PBXFileReference section */
		CEBC82E81F46965C00D015CE /* Classes */ = {isa = PBXFileReference; lastKnownFileType = folder; path = Classes; sourceTree = "<group>"; };
		CEBC82EA1F46981100D015CE /* Assets */ = {isa = PBXFileReference; lastKnownFileType = folder; path = Assets; sourceTree = "<group>"; };
		CEBCC8AC1C893D5A000BD551 /* PhotoPicker.app */ = {isa = PBXFileReference; explicitFileType = wrapper.application; includeInIndex = 0; path = PhotoPicker.app; sourceTree = BUILT_PRODUCTS_DIR; };
		CEBCC8AF1C893D5A000BD551 /* AppDelegate.swift */ = {isa = PBXFileReference; lastKnownFileType = sourcecode.swift; path = AppDelegate.swift; sourceTree = "<group>"; };
		CEBCC8B11C893D5A000BD551 /* ViewController.swift */ = {isa = PBXFileReference; lastKnownFileType = sourcecode.swift; path = ViewController.swift; sourceTree = "<group>"; };
		CEBCC8B41C893D5A000BD551 /* Base */ = {isa = PBXFileReference; lastKnownFileType = file.storyboard; name = Base; path = Base.lproj/Main.storyboard; sourceTree = "<group>"; };
		CEBCC8B61C893D5A000BD551 /* Assets.xcassets */ = {isa = PBXFileReference; lastKnownFileType = folder.assetcatalog; path = Assets.xcassets; sourceTree = "<group>"; };
		CEBCC8B91C893D5A000BD551 /* Base */ = {isa = PBXFileReference; lastKnownFileType = file.storyboard; name = Base; path = Base.lproj/LaunchScreen.storyboard; sourceTree = "<group>"; };
		CEBCC8BB1C893D5A000BD551 /* Info.plist */ = {isa = PBXFileReference; lastKnownFileType = text.plist.xml; path = Info.plist; sourceTree = "<group>"; };
/* End PBXFileReference section */

/* Begin PBXFrameworksBuildPhase section */
		CEBCC8A91C893D5A000BD551 /* Frameworks */ = {
			isa = PBXFrameworksBuildPhase;
			buildActionMask = 2147483647;
			files = (
			);
			runOnlyForDeploymentPostprocessing = 0;
		};
/* End PBXFrameworksBuildPhase section */

/* Begin PBXGroup section */
		CEBCC8A31C893D5A000BD551 = {
			isa = PBXGroup;
			children = (
				CEBCC8AE1C893D5A000BD551 /* PhotoPicker */,
				CEBCC8AD1C893D5A000BD551 /* Products */,
			);
			sourceTree = "<group>";
		};
		CEBCC8AD1C893D5A000BD551 /* Products */ = {
			isa = PBXGroup;
			children = (
				CEBCC8AC1C893D5A000BD551 /* PhotoPicker.app */,
			);
			name = Products;
			sourceTree = "<group>";
		};
		CEBCC8AE1C893D5A000BD551 /* PhotoPicker */ = {
			isa = PBXGroup;
			children = (
				CEBC82E81F46965C00D015CE /* Classes */,
				CEBC82EA1F46981100D015CE /* Assets */,
				CEBCC8AF1C893D5A000BD551 /* AppDelegate.swift */,
				CEBCC8B11C893D5A000BD551 /* ViewController.swift */,
				CEBCC8B31C893D5A000BD551 /* Main.storyboard */,
				CEBCC8B81C893D5A000BD551 /* LaunchScreen.storyboard */,
				CEBCC8B61C893D5A000BD551 /* Assets.xcassets */,
				CEBCC8BB1C893D5A000BD551 /* Info.plist */,
			);
			path = PhotoPicker;
			sourceTree = "<group>";
		};
/* End PBXGroup section */

/* Begin PBXNativeTarget section */
		CEBCC8AB1C893D5A000BD551 /* PhotoPicker */ = {
			isa = PBXNativeTarget;
			buildConfigurationList = CEBCC8BE1C893D5A000BD551 /* Build configuration list for PBXNativeTarget "PhotoPicker" */;
			buildPhases = (
				CEBCC8A81C893D5A000BD551 /* Sources */,
				CEBCC8A91C893D5A000BD551 /* Frameworks */,
				CEBCC8AA1C893D5A000BD551 /* Resources */,
			);
			buildRules = (
			);
			dependencies = (
			);
			name = PhotoPicker;
			productName = PhotoPicker;
			productReference = CEBCC8AC1C893D5A000BD551 /* PhotoPicker.app */;
			productType = "com.apple.product-type.application";
		};
/* End PBXNativeTarget section */

/* Begin PBXProject section */
		CEBCC8A41C893D5A000BD551 /* Project object */ = {
			isa = PBXProject;
			attributes = {
				LastSwiftUpdateCheck = 0720;
				LastUpgradeCheck = 0800;
				ORGANIZATIONNAME = dailyios;
				TargetAttributes = {
					CEBCC8AB1C893D5A000BD551 = {
						CreatedOnToolsVersion = 7.2;
						DevelopmentTeam = Z865YP4AC3;
						LastSwiftMigration = 0800;
					};
				};
			};
			buildConfigurationList = CEBCC8A71C893D5A000BD551 /* Build configuration list for PBXProject "PhotoPicker" */;
			compatibilityVersion = "Xcode 3.2";
			developmentRegion = English;
			hasScannedForEncodings = 0;
			knownRegions = (
				en,
				Base,
			);
			mainGroup = CEBCC8A31C893D5A000BD551;
			productRefGroup = CEBCC8AD1C893D5A000BD551 /* Products */;
			projectDirPath = "";
			projectRoot = "";
			targets = (
				CEBCC8AB1C893D5A000BD551 /* PhotoPicker */,
			);
		};
/* End PBXProject section */

/* Begin PBXResourcesBuildPhase section */
		CEBCC8AA1C893D5A000BD551 /* Resources */ = {
			isa = PBXResourcesBuildPhase;
			buildActionMask = 2147483647;
			files = (
				CEBC82EB1F46981100D015CE /* Assets in Resources */,
				CEBCC8BA1C893D5A000BD551 /* LaunchScreen.storyboard in Resources */,
				CEBC82E91F46965C00D015CE /* Classes in Resources */,
				CEBCC8B71C893D5A000BD551 /* Assets.xcassets in Resources */,
				CEBCC8B51C893D5A000BD551 /* Main.storyboard in Resources */,
			);
			runOnlyForDeploymentPostprocessing = 0;
		};
/* End PBXResourcesBuildPhase section */

/* Begin PBXSourcesBuildPhase section */
		CEBCC8A81C893D5A000BD551 /* Sources */ = {
			isa = PBXSourcesBuildPhase;
			buildActionMask = 2147483647;
			files = (
				CEBCC8B21C893D5A000BD551 /* ViewController.swift in Sources */,
				CEBCC8B01C893D5A000BD551 /* AppDelegate.swift in Sources */,
			);
			runOnlyForDeploymentPostprocessing = 0;
		};
/* End PBXSourcesBuildPhase section */

/* Begin PBXVariantGroup section */
		CEBCC8B31C893D5A000BD551 /* Main.storyboard */ = {
			isa = PBXVariantGroup;
			children = (
				CEBCC8B41C893D5A000BD551 /* Base */,
			);
			name = Main.storyboard;
			sourceTree = "<group>";
		};
		CEBCC8B81C893D5A000BD551 /* LaunchScreen.storyboard */ = {
			isa = PBXVariantGroup;
			children = (
				CEBCC8B91C893D5A000BD551 /* Base */,
			);
			name = LaunchScreen.storyboard;
			sourceTree = "<group>";
		};
/* End PBXVariantGroup section */

/* Begin XCBuildConfiguration section */
		CEBCC8BC1C893D5A000BD551 /* Debug */ = {
			isa = XCBuildConfiguration;
			buildSettings = {
				ALWAYS_SEARCH_USER_PATHS = NO;
				CLANG_CXX_LANGUAGE_STANDARD = "gnu++0x";
				CLANG_CXX_LIBRARY = "libc++";
				CLANG_ENABLE_MODULES = YES;
				CLANG_ENABLE_OBJC_ARC = YES;
				CLANG_WARN_BOOL_CONVERSION = YES;
				CLANG_WARN_CONSTANT_CONVERSION = YES;
				CLANG_WARN_DIRECT_OBJC_ISA_USAGE = YES_ERROR;
				CLANG_WARN_EMPTY_BODY = YES;
				CLANG_WARN_ENUM_CONVERSION = YES;
				CLANG_WARN_INFINITE_RECURSION = YES;
				CLANG_WARN_INT_CONVERSION = YES;
				CLANG_WARN_OBJC_ROOT_CLASS = YES_ERROR;
				CLANG_WARN_SUSPICIOUS_MOVE = YES;
				CLANG_WARN_UNREACHABLE_CODE = YES;
				CLANG_WARN__DUPLICATE_METHOD_MATCH = YES;
				"CODE_SIGN_IDENTITY[sdk=iphoneos*]" = "iPhone Developer";
				COPY_PHASE_STRIP = NO;
				DEBUG_INFORMATION_FORMAT = dwarf;
				ENABLE_STRICT_OBJC_MSGSEND = YES;
				ENABLE_TESTABILITY = YES;
				GCC_C_LANGUAGE_STANDARD = gnu99;
				GCC_DYNAMIC_NO_PIC = NO;
				GCC_NO_COMMON_BLOCKS = YES;
				GCC_OPTIMIZATION_LEVEL = 0;
				GCC_PREPROCESSOR_DEFINITIONS = (
					"DEBUG=1",
					"$(inherited)",
				);
				GCC_WARN_64_TO_32_BIT_CONVERSION = YES;
				GCC_WARN_ABOUT_RETURN_TYPE = YES_ERROR;
				GCC_WARN_UNDECLARED_SELECTOR = YES;
				GCC_WARN_UNINITIALIZED_AUTOS = YES_AGGRESSIVE;
				GCC_WARN_UNUSED_FUNCTION = YES;
				GCC_WARN_UNUSED_VARIABLE = YES;
				IPHONEOS_DEPLOYMENT_TARGET = 8.0;
				MTL_ENABLE_DEBUG_INFO = YES;
				ONLY_ACTIVE_ARCH = YES;
				SDKROOT = iphoneos;
				SWIFT_OPTIMIZATION_LEVEL = "-Onone";
			};
			name = Debug;
		};
		CEBCC8BD1C893D5A000BD551 /* Release */ = {
			isa = XCBuildConfiguration;
			buildSettings = {
				ALWAYS_SEARCH_USER_PATHS = NO;
				CLANG_CXX_LANGUAGE_STANDARD = "gnu++0x";
				CLANG_CXX_LIBRARY = "libc++";
				CLANG_ENABLE_MODULES = YES;
				CLANG_ENABLE_OBJC_ARC = YES;
				CLANG_WARN_BOOL_CONVERSION = YES;
				CLANG_WARN_CONSTANT_CONVERSION = YES;
				CLANG_WARN_DIRECT_OBJC_ISA_USAGE = YES_ERROR;
				CLANG_WARN_EMPTY_BODY = YES;
				CLANG_WARN_ENUM_CONVERSION = YES;
				CLANG_WARN_INFINITE_RECURSION = YES;
				CLANG_WARN_INT_CONVERSION = YES;
				CLANG_WARN_OBJC_ROOT_CLASS = YES_ERROR;
				CLANG_WARN_SUSPICIOUS_MOVE = YES;
				CLANG_WARN_UNREACHABLE_CODE = YES;
				CLANG_WARN__DUPLICATE_METHOD_MATCH = YES;
				"CODE_SIGN_IDENTITY[sdk=iphoneos*]" = "iPhone Developer";
				COPY_PHASE_STRIP = NO;
				DEBUG_INFORMATION_FORMAT = "dwarf-with-dsym";
				ENABLE_NS_ASSERTIONS = NO;
				ENABLE_STRICT_OBJC_MSGSEND = YES;
				GCC_C_LANGUAGE_STANDARD = gnu99;
				GCC_NO_COMMON_BLOCKS = YES;
				GCC_WARN_64_TO_32_BIT_CONVERSION = YES;
				GCC_WARN_ABOUT_RETURN_TYPE = YES_ERROR;
				GCC_WARN_UNDECLARED_SELECTOR = YES;
				GCC_WARN_UNINITIALIZED_AUTOS = YES_AGGRESSIVE;
				GCC_WARN_UNUSED_FUNCTION = YES;
				GCC_WARN_UNUSED_VARIABLE = YES;
				IPHONEOS_DEPLOYMENT_TARGET = 8.0;
				MTL_ENABLE_DEBUG_INFO = NO;
				SDKROOT = iphoneos;
				SWIFT_OPTIMIZATION_LEVEL = "-Owholemodule";
				VALIDATE_PRODUCT = YES;
			};
			name = Release;
		};
		CEBCC8BF1C893D5A000BD551 /* Debug */ = {
			isa = XCBuildConfiguration;
			buildSettings = {
				ASSETCATALOG_COMPILER_APPICON_NAME = AppIcon;
				DEVELOPMENT_TEAM = Z865YP4AC3;
				INFOPLIST_FILE = PhotoPicker/Info.plist;
				IPHONEOS_DEPLOYMENT_TARGET = 8.0;
				LD_RUNPATH_SEARCH_PATHS = "$(inherited) @executable_path/Frameworks";
				PRODUCT_BUNDLE_IDENTIFIER = com.dailyios.PhotoPicker;
				PRODUCT_NAME = "$(TARGET_NAME)";
				SWIFT_VERSION = 3.0;
			};
			name = Debug;
		};
		CEBCC8C01C893D5A000BD551 /* Release */ = {
			isa = XCBuildConfiguration;
			buildSettings = {
				ASSETCATALOG_COMPILER_APPICON_NAME = AppIcon;
				DEVELOPMENT_TEAM = Z865YP4AC3;
				INFOPLIST_FILE = PhotoPicker/Info.plist;
				IPHONEOS_DEPLOYMENT_TARGET = 8.0;
				LD_RUNPATH_SEARCH_PATHS = "$(inherited) @executable_path/Frameworks";
				PRODUCT_BUNDLE_IDENTIFIER = com.dailyios.PhotoPicker;
				PRODUCT_NAME = "$(TARGET_NAME)";
				SWIFT_VERSION = 3.0;
			};
			name = Release;
		};
/* End XCBuildConfiguration section */

/* Begin XCConfigurationList section */
		CEBCC8A71C893D5A000BD551 /* Build configuration list for PBXProject "PhotoPicker" */ = {
			isa = XCConfigurationList;
			buildConfigurations = (
				CEBCC8BC1C893D5A000BD551 /* Debug */,
				CEBCC8BD1C893D5A000BD551 /* Release */,
			);
			defaultConfigurationIsVisible = 0;
			defaultConfigurationName = Release;
		};
		CEBCC8BE1C893D5A000BD551 /* Build configuration list for PBXNativeTarget "PhotoPicker" */ = {
			isa = XCConfigurationList;
			buildConfigurations = (
				CEBCC8BF1C893D5A000BD551 /* Debug */,
				CEBCC8C01C893D5A000BD551 /* Release */,
			);
			defaultConfigurationIsVisible = 0;
			defaultConfigurationName = Release;
		};
/* End XCConfigurationList section */
	};
	rootObject = CEBCC8A41C893D5A000BD551 /* Project object */;
}
